// !$*UTF8*$!
{
	archiveVersion = 1;
	classes = {
	};
	objectVersion = 50;
	objects = {

/* Begin PBXBuildFile section */
		3AAB51A6931B5A85BA7051C1 /* Pods_PhotoBooth.framework in Frameworks */ = {isa = PBXBuildFile; fileRef = 394E8577CD4E63C15740BB65 /* Pods_PhotoBooth.framework */; };
		950C89AE22DC82C400B6001A /* Assets.xcassets in Resources */ = {isa = PBXBuildFile; fileRef = 950C89AD22DC82C400B6001A /* Assets.xcassets */; };
		950C89BD22DC860100B6001A /* MainViewController.swift in Sources */ = {isa = PBXBuildFile; fileRef = 950C89BC22DC860100B6001A /* MainViewController.swift */; };
		950C89C122DC8EFD00B6001A /* PhotoViewController.swift in Sources */ = {isa = PBXBuildFile; fileRef = 950C89C022DC8EFD00B6001A /* PhotoViewController.swift */; };
		950C89C922DC90BF00B6001A /* UIViewController+Instantiation.swift in Sources */ = {isa = PBXBuildFile; fileRef = 950C89C822DC90BF00B6001A /* UIViewController+Instantiation.swift */; };
		950C89CB22DCAE5F00B6001A /* AppDelegate.swift in Sources */ = {isa = PBXBuildFile; fileRef = 950C89CA22DCAE5F00B6001A /* AppDelegate.swift */; };
		950C89CF22DCB14300B6001A /* PhotoModel.swift in Sources */ = {isa = PBXBuildFile; fileRef = 950C89CE22DCB14200B6001A /* PhotoModel.swift */; };
		950C89D422DCB26200B6001A /* PhotoDao.swift in Sources */ = {isa = PBXBuildFile; fileRef = 950C89D322DCB26200B6001A /* PhotoDao.swift */; };
		950C89D822DCB45500B6001A /* PhotoDataService.swift in Sources */ = {isa = PBXBuildFile; fileRef = 950C89D722DCB45500B6001A /* PhotoDataService.swift */; };
		950C89DA22DCBE2300B6001A /* PhotoService.swift in Sources */ = {isa = PBXBuildFile; fileRef = 950C89D922DCBE2300B6001A /* PhotoService.swift */; };
		950C89DC22DCC56600B6001A /* AbstractDataService.swift in Sources */ = {isa = PBXBuildFile; fileRef = 950C89DB22DCC56500B6001A /* AbstractDataService.swift */; };
		950C89DF22DCC77D00B6001A /* PhotoGalleryViewController.swift in Sources */ = {isa = PBXBuildFile; fileRef = 950C89DE22DCC77D00B6001A /* PhotoGalleryViewController.swift */; };
		950C89E822DCCA5100B6001A /* LaunchScreen.storyboard in Resources */ = {isa = PBXBuildFile; fileRef = 950C89E622DCCA5100B6001A /* LaunchScreen.storyboard */; };
		950C89EC22DCCA5900B6001A /* PhotoViewController.storyboard in Resources */ = {isa = PBXBuildFile; fileRef = 950C89E922DCCA5900B6001A /* PhotoViewController.storyboard */; };
		950C89ED22DCCA5900B6001A /* MainViewController.storyboard in Resources */ = {isa = PBXBuildFile; fileRef = 950C89EA22DCCA5900B6001A /* MainViewController.storyboard */; };
		950C89EE22DCCA5900B6001A /* PhotoGalleryViewController.storyboard in Resources */ = {isa = PBXBuildFile; fileRef = 950C89EB22DCCA5900B6001A /* PhotoGalleryViewController.storyboard */; };
		950C89F022DCCE3100B6001A /* PhotoCell.swift in Sources */ = {isa = PBXBuildFile; fileRef = 950C89EF22DCCE3100B6001A /* PhotoCell.swift */; };
		950C89F222DCD93200B6001A /* FullscreenViewController.swift in Sources */ = {isa = PBXBuildFile; fileRef = 950C89F122DCD93200B6001A /* FullscreenViewController.swift */; };
		950C89FA22DCDD6C00B6001A /* ImageService.swift in Sources */ = {isa = PBXBuildFile; fileRef = 950C89F922DCDD6C00B6001A /* ImageService.swift */; };
		950C89FC22DCDEC300B6001A /* FullscreenViewController.storyboard in Resources */ = {isa = PBXBuildFile; fileRef = 950C89FB22DCDEC300B6001A /* FullscreenViewController.storyboard */; };
/* End PBXBuildFile section */

/* Begin PBXFileReference section */
		1A47A625F7AAE819749F9ECD /* Pods-PhotoBooth.debug.xcconfig */ = {isa = PBXFileReference; includeInIndex = 1; lastKnownFileType = text.xcconfig; name = "Pods-PhotoBooth.debug.xcconfig"; path = "Pods/Target Support Files/Pods-PhotoBooth/Pods-PhotoBooth.debug.xcconfig"; sourceTree = "<group>"; };
		394E8577CD4E63C15740BB65 /* Pods_PhotoBooth.framework */ = {isa = PBXFileReference; explicitFileType = wrapper.framework; includeInIndex = 0; path = Pods_PhotoBooth.framework; sourceTree = BUILT_PRODUCTS_DIR; };
		950C89A322DC82C000B6001A /* PhotoBooth.app */ = {isa = PBXFileReference; explicitFileType = wrapper.application; includeInIndex = 0; path = PhotoBooth.app; sourceTree = BUILT_PRODUCTS_DIR; };
		950C89AD22DC82C400B6001A /* Assets.xcassets */ = {isa = PBXFileReference; lastKnownFileType = folder.assetcatalog; path = Assets.xcassets; sourceTree = "<group>"; };
		950C89B222DC82C400B6001A /* Info.plist */ = {isa = PBXFileReference; lastKnownFileType = text.plist.xml; path = Info.plist; sourceTree = "<group>"; };
		950C89BC22DC860100B6001A /* MainViewController.swift */ = {isa = PBXFileReference; lastKnownFileType = sourcecode.swift; path = MainViewController.swift; sourceTree = "<group>"; };
		950C89C022DC8EFD00B6001A /* PhotoViewController.swift */ = {isa = PBXFileReference; lastKnownFileType = sourcecode.swift; path = PhotoViewController.swift; sourceTree = "<group>"; };
		950C89C822DC90BF00B6001A /* UIViewController+Instantiation.swift */ = {isa = PBXFileReference; lastKnownFileType = sourcecode.swift; path = "UIViewController+Instantiation.swift"; sourceTree = "<group>"; };
		950C89CA22DCAE5F00B6001A /* AppDelegate.swift */ = {isa = PBXFileReference; fileEncoding = 4; lastKnownFileType = sourcecode.swift; path = AppDelegate.swift; sourceTree = "<group>"; };
		950C89CE22DCB14200B6001A /* PhotoModel.swift */ = {isa = PBXFileReference; lastKnownFileType = sourcecode.swift; path = PhotoModel.swift; sourceTree = "<group>"; };
		950C89D322DCB26200B6001A /* PhotoDao.swift */ = {isa = PBXFileReference; lastKnownFileType = sourcecode.swift; path = PhotoDao.swift; sourceTree = "<group>"; };
		950C89D722DCB45500B6001A /* PhotoDataService.swift */ = {isa = PBXFileReference; lastKnownFileType = sourcecode.swift; path = PhotoDataService.swift; sourceTree = "<group>"; };
		950C89D922DCBE2300B6001A /* PhotoService.swift */ = {isa = PBXFileReference; lastKnownFileType = sourcecode.swift; path = PhotoService.swift; sourceTree = "<group>"; };
		950C89DB22DCC56500B6001A /* AbstractDataService.swift */ = {isa = PBXFileReference; lastKnownFileType = sourcecode.swift; path = AbstractDataService.swift; sourceTree = "<group>"; };
		950C89DE22DCC77D00B6001A /* PhotoGalleryViewController.swift */ = {isa = PBXFileReference; lastKnownFileType = sourcecode.swift; path = PhotoGalleryViewController.swift; sourceTree = "<group>"; };
		950C89E722DCCA5100B6001A /* Base */ = {isa = PBXFileReference; lastKnownFileType = file.storyboard; name = Base; path = Base.lproj/LaunchScreen.storyboard; sourceTree = "<group>"; };
		950C89E922DCCA5900B6001A /* PhotoViewController.storyboard */ = {isa = PBXFileReference; fileEncoding = 4; lastKnownFileType = file.storyboard; path = PhotoViewController.storyboard; sourceTree = "<group>"; };
		950C89EA22DCCA5900B6001A /* MainViewController.storyboard */ = {isa = PBXFileReference; fileEncoding = 4; lastKnownFileType = file.storyboard; path = MainViewController.storyboard; sourceTree = "<group>"; };
		950C89EB22DCCA5900B6001A /* PhotoGalleryViewController.storyboard */ = {isa = PBXFileReference; fileEncoding = 4; lastKnownFileType = file.storyboard; path = PhotoGalleryViewController.storyboard; sourceTree = "<group>"; };
		950C89EF22DCCE3100B6001A /* PhotoCell.swift */ = {isa = PBXFileReference; lastKnownFileType = sourcecode.swift; path = PhotoCell.swift; sourceTree = "<group>"; };
		950C89F122DCD93200B6001A /* FullscreenViewController.swift */ = {isa = PBXFileReference; lastKnownFileType = sourcecode.swift; path = FullscreenViewController.swift; sourceTree = "<group>"; };
		950C89F922DCDD6C00B6001A /* ImageService.swift */ = {isa = PBXFileReference; fileEncoding = 4; lastKnownFileType = sourcecode.swift; path = ImageService.swift; sourceTree = "<group>"; };
		950C89FB22DCDEC300B6001A /* FullscreenViewController.storyboard */ = {isa = PBXFileReference; lastKnownFileType = file.storyboard; path = FullscreenViewController.storyboard; sourceTree = "<group>"; };
		9B19DCCE7184C2ED727FFEC5 /* Pods-PhotoBooth.release.xcconfig */ = {isa = PBXFileReference; includeInIndex = 1; lastKnownFileType = text.xcconfig; name = "Pods-PhotoBooth.release.xcconfig"; path = "Pods/Target Support Files/Pods-PhotoBooth/Pods-PhotoBooth.release.xcconfig"; sourceTree = "<group>"; };
/* End PBXFileReference section */

/* Begin PBXFrameworksBuildPhase section */
		950C89A022DC82C000B6001A /* Frameworks */ = {
			isa = PBXFrameworksBuildPhase;
			buildActionMask = 2147483647;
			files = (
				3AAB51A6931B5A85BA7051C1 /* Pods_PhotoBooth.framework in Frameworks */,
			);
			runOnlyForDeploymentPostprocessing = 0;
		};
/* End PBXFrameworksBuildPhase section */

/* Begin PBXGroup section */
		45DF19E3BBE2B4E8667FCCE6 /* Frameworks */ = {
			isa = PBXGroup;
			children = (
				394E8577CD4E63C15740BB65 /* Pods_PhotoBooth.framework */,
			);
			name = Frameworks;
			sourceTree = "<group>";
		};
		82EAEF6A2B6A6B088464B4E4 /* Pods */ = {
			isa = PBXGroup;
			children = (
				1A47A625F7AAE819749F9ECD /* Pods-PhotoBooth.debug.xcconfig */,
				9B19DCCE7184C2ED727FFEC5 /* Pods-PhotoBooth.release.xcconfig */,
			);
			name = Pods;
			sourceTree = "<group>";
		};
		950C899A22DC82C000B6001A = {
			isa = PBXGroup;
			children = (
				950C89A522DC82C000B6001A /* PhotoBooth */,
				950C89A422DC82C000B6001A /* Products */,
				82EAEF6A2B6A6B088464B4E4 /* Pods */,
				45DF19E3BBE2B4E8667FCCE6 /* Frameworks */,
			);
			sourceTree = "<group>";
		};
		950C89A422DC82C000B6001A /* Products */ = {
			isa = PBXGroup;
			children = (
				950C89A322DC82C000B6001A /* PhotoBooth.app */,
			);
			name = Products;
			sourceTree = "<group>";
		};
		950C89A522DC82C000B6001A /* PhotoBooth */ = {
			isa = PBXGroup;
			children = (
				950C89BB22DC856D00B6001A /* Configuration */,
				950C89BA22DC854F00B6001A /* Resources */,
				950C89CC22DCB0DE00B6001A /* Models */,
				950C89CD22DCB0EE00B6001A /* Services */,
				950C89B922DC854000B6001A /* UI */,
				950C89B822DC853400B6001A /* ViewControllers */,
				950C89C722DC909B00B6001A /* Extensions */,
			);
			path = PhotoBooth;
			sourceTree = "<group>";
		};
		950C89B822DC853400B6001A /* ViewControllers */ = {
			isa = PBXGroup;
			children = (
				950C89BC22DC860100B6001A /* MainViewController.swift */,
				950C89C022DC8EFD00B6001A /* PhotoViewController.swift */,
				950C89DE22DCC77D00B6001A /* PhotoGalleryViewController.swift */,
				950C89F122DCD93200B6001A /* FullscreenViewController.swift */,
			);
			path = ViewControllers;
			sourceTree = "<group>";
		};
		950C89B922DC854000B6001A /* UI */ = {
			isa = PBXGroup;
			children = (
				950C89E322DCC9C100B6001A /* Controllers */,
				950C89E522DCC9D800B6001A /* Cells */,
			);
			path = UI;
			sourceTree = "<group>";
		};
		950C89BA22DC854F00B6001A /* Resources */ = {
			isa = PBXGroup;
			children = (
				950C89AD22DC82C400B6001A /* Assets.xcassets */,
			);
			path = Resources;
			sourceTree = "<group>";
		};
		950C89BB22DC856D00B6001A /* Configuration */ = {
			isa = PBXGroup;
			children = (
				950C89CA22DCAE5F00B6001A /* AppDelegate.swift */,
				950C89B222DC82C400B6001A /* Info.plist */,
			);
			path = Configuration;
			sourceTree = "<group>";
		};
		950C89C722DC909B00B6001A /* Extensions */ = {
			isa = PBXGroup;
			children = (
				950C89C822DC90BF00B6001A /* UIViewController+Instantiation.swift */,
			);
			path = Extensions;
			sourceTree = "<group>";
		};
		950C89CC22DCB0DE00B6001A /* Models */ = {
			isa = PBXGroup;
			children = (
				950C89DD22DCC66A00B6001A /* Generic */,
				950C89D022DCB17300B6001A /* Photo */,
			);
			path = Models;
			sourceTree = "<group>";
		};
		950C89CD22DCB0EE00B6001A /* Services */ = {
			isa = PBXGroup;
			children = (
				950C89D522DCB43700B6001A /* Photo */,
				950C89F822DCDD6C00B6001A /* Image */,
			);
			path = Services;
			sourceTree = "<group>";
		};
		950C89D022DCB17300B6001A /* Photo */ = {
			isa = PBXGroup;
			children = (
				950C89D122DCB17F00B6001A /* Business */,
				950C89D222DCB18500B6001A /* Dao */,
			);
			path = Photo;
			sourceTree = "<group>";
		};
		950C89D122DCB17F00B6001A /* Business */ = {
			isa = PBXGroup;
			children = (
				950C89CE22DCB14200B6001A /* PhotoModel.swift */,
			);
			path = Business;
			sourceTree = "<group>";
		};
		950C89D222DCB18500B6001A /* Dao */ = {
			isa = PBXGroup;
			children = (
				950C89D322DCB26200B6001A /* PhotoDao.swift */,
			);
			path = Dao;
			sourceTree = "<group>";
		};
		950C89D522DCB43700B6001A /* Photo */ = {
			isa = PBXGroup;
			children = (
				950C89D622DCB43F00B6001A /* Data */,
				950C89D922DCBE2300B6001A /* PhotoService.swift */,
			);
			path = Photo;
			sourceTree = "<group>";
		};
		950C89D622DCB43F00B6001A /* Data */ = {
			isa = PBXGroup;
			children = (
				950C89D722DCB45500B6001A /* PhotoDataService.swift */,
			);
			path = Data;
			sourceTree = "<group>";
		};
		950C89DD22DCC66A00B6001A /* Generic */ = {
			isa = PBXGroup;
			children = (
				950C89DB22DCC56500B6001A /* AbstractDataService.swift */,
			);
			path = Generic;
			sourceTree = "<group>";
		};
		950C89E322DCC9C100B6001A /* Controllers */ = {
			isa = PBXGroup;
			children = (
				950C89E622DCCA5100B6001A /* LaunchScreen.storyboard */,
				950C89EA22DCCA5900B6001A /* MainViewController.storyboard */,
				950C89E922DCCA5900B6001A /* PhotoViewController.storyboard */,
				950C89EB22DCCA5900B6001A /* PhotoGalleryViewController.storyboard */,
				950C89FB22DCDEC300B6001A /* FullscreenViewController.storyboard */,
			);
			path = Controllers;
			sourceTree = "<group>";
		};
		950C89E522DCC9D800B6001A /* Cells */ = {
			isa = PBXGroup;
			children = (
				950C89EF22DCCE3100B6001A /* PhotoCell.swift */,
			);
			path = Cells;
			sourceTree = "<group>";
		};
		950C89F822DCDD6C00B6001A /* Image */ = {
			isa = PBXGroup;
			children = (
				950C89F922DCDD6C00B6001A /* ImageService.swift */,
			);
			path = Image;
			sourceTree = "<group>";
		};
/* End PBXGroup section */

/* Begin PBXNativeTarget section */
		950C89A222DC82C000B6001A /* PhotoBooth */ = {
			isa = PBXNativeTarget;
			buildConfigurationList = 950C89B522DC82C400B6001A /* Build configuration list for PBXNativeTarget "PhotoBooth" */;
			buildPhases = (
				661FF585F3A3EEDD10492389 /* [CP] Check Pods Manifest.lock */,
				950C899F22DC82C000B6001A /* Sources */,
				950C89A022DC82C000B6001A /* Frameworks */,
				950C89A122DC82C000B6001A /* Resources */,
				0FB38550B8BCE845C9319CA8 /* [CP] Embed Pods Frameworks */,
			);
			buildRules = (
			);
			dependencies = (
			);
			name = PhotoBooth;
			productName = PhotoBooth;
			productReference = 950C89A322DC82C000B6001A /* PhotoBooth.app */;
			productType = "com.apple.product-type.application";
		};
/* End PBXNativeTarget section */

/* Begin PBXProject section */
		950C899B22DC82C000B6001A /* Project object */ = {
			isa = PBXProject;
			attributes = {
				LastSwiftUpdateCheck = 1020;
				LastUpgradeCheck = 1020;
				ORGANIZATIONNAME = "Martynenko Andriy";
				TargetAttributes = {
					950C89A222DC82C000B6001A = {
						CreatedOnToolsVersion = 10.2.1;
					};
				};
			};
			buildConfigurationList = 950C899E22DC82C000B6001A /* Build configuration list for PBXProject "PhotoBooth" */;
			compatibilityVersion = "Xcode 9.3";
			developmentRegion = en;
			hasScannedForEncodings = 0;
			knownRegions = (
				en,
				Base,
			);
			mainGroup = 950C899A22DC82C000B6001A;
			productRefGroup = 950C89A422DC82C000B6001A /* Products */;
			projectDirPath = "";
			projectRoot = "";
			targets = (
				950C89A222DC82C000B6001A /* PhotoBooth */,
			);
		};
/* End PBXProject section */

/* Begin PBXResourcesBuildPhase section */
		950C89A122DC82C000B6001A /* Resources */ = {
			isa = PBXResourcesBuildPhase;
			buildActionMask = 2147483647;
			files = (
				950C89ED22DCCA5900B6001A /* MainViewController.storyboard in Resources */,
				950C89AE22DC82C400B6001A /* Assets.xcassets in Resources */,
				950C89FC22DCDEC300B6001A /* FullscreenViewController.storyboard in Resources */,
				950C89E822DCCA5100B6001A /* LaunchScreen.storyboard in Resources */,
				950C89EC22DCCA5900B6001A /* PhotoViewController.storyboard in Resources */,
				950C89EE22DCCA5900B6001A /* PhotoGalleryViewController.storyboard in Resources */,
			);
			runOnlyForDeploymentPostprocessing = 0;
		};
/* End PBXResourcesBuildPhase section */

/* Begin PBXShellScriptBuildPhase section */
		0FB38550B8BCE845C9319CA8 /* [CP] Embed Pods Frameworks */ = {
			isa = PBXShellScriptBuildPhase;
			buildActionMask = 2147483647;
			files = (
			);
			inputPaths = (
				"${SRCROOT}/Pods/Target Support Files/Pods-PhotoBooth/Pods-PhotoBooth-frameworks.sh",
				"${BUILT_PRODUCTS_DIR}/Realm/Realm.framework",
				"${BUILT_PRODUCTS_DIR}/RealmSwift/RealmSwift.framework",
			);
			name = "[CP] Embed Pods Frameworks";
			outputPaths = (
				"${TARGET_BUILD_DIR}/${FRAMEWORKS_FOLDER_PATH}/Realm.framework",
				"${TARGET_BUILD_DIR}/${FRAMEWORKS_FOLDER_PATH}/RealmSwift.framework",
			);
			runOnlyForDeploymentPostprocessing = 0;
			shellPath = /bin/sh;
			shellScript = "\"${SRCROOT}/Pods/Target Support Files/Pods-PhotoBooth/Pods-PhotoBooth-frameworks.sh\"\n";
			showEnvVarsInLog = 0;
		};
		661FF585F3A3EEDD10492389 /* [CP] Check Pods Manifest.lock */ = {
			isa = PBXShellScriptBuildPhase;
			buildActionMask = 2147483647;
			files = (
			);
			inputPaths = (
				"${PODS_PODFILE_DIR_PATH}/Podfile.lock",
				"${PODS_ROOT}/Manifest.lock",
			);
			name = "[CP] Check Pods Manifest.lock";
			outputPaths = (
				"$(DERIVED_FILE_DIR)/Pods-PhotoBooth-checkManifestLockResult.txt",
			);
			runOnlyForDeploymentPostprocessing = 0;
			shellPath = /bin/sh;
			shellScript = "diff \"${PODS_PODFILE_DIR_PATH}/Podfile.lock\" \"${PODS_ROOT}/Manifest.lock\" > /dev/null\nif [ $? != 0 ] ; then\n    # print error to STDERR\n    echo \"error: The sandbox is not in sync with the Podfile.lock. Run 'pod install' or update your CocoaPods installation.\" >&2\n    exit 1\nfi\n# This output is used by Xcode 'outputs' to avoid re-running this script phase.\necho \"SUCCESS\" > \"${SCRIPT_OUTPUT_FILE_0}\"\n";
			showEnvVarsInLog = 0;
		};
/* End PBXShellScriptBuildPhase section */

/* Begin PBXSourcesBuildPhase section */
		950C899F22DC82C000B6001A /* Sources */ = {
			isa = PBXSourcesBuildPhase;
			buildActionMask = 2147483647;
			files = (
				950C89DA22DCBE2300B6001A /* PhotoService.swift in Sources */,
				950C89DC22DCC56600B6001A /* AbstractDataService.swift in Sources */,
				950C89CB22DCAE5F00B6001A /* AppDelegate.swift in Sources */,
				950C89D822DCB45500B6001A /* PhotoDataService.swift in Sources */,
				950C89DF22DCC77D00B6001A /* PhotoGalleryViewController.swift in Sources */,
				950C89D422DCB26200B6001A /* PhotoDao.swift in Sources */,
				950C89C922DC90BF00B6001A /* UIViewController+Instantiation.swift in Sources */,
				950C89F222DCD93200B6001A /* FullscreenViewController.swift in Sources */,
				950C89BD22DC860100B6001A /* MainViewController.swift in Sources */,
				950C89CF22DCB14300B6001A /* PhotoModel.swift in Sources */,
				950C89F022DCCE3100B6001A /* PhotoCell.swift in Sources */,
				950C89C122DC8EFD00B6001A /* PhotoViewController.swift in Sources */,
				950C89FA22DCDD6C00B6001A /* ImageService.swift in Sources */,
			);
			runOnlyForDeploymentPostprocessing = 0;
		};
/* End PBXSourcesBuildPhase section */

/* Begin PBXVariantGroup section */
		950C89E622DCCA5100B6001A /* LaunchScreen.storyboard */ = {
			isa = PBXVariantGroup;
			children = (
				950C89E722DCCA5100B6001A /* Base */,
			);
			name = LaunchScreen.storyboard;
			sourceTree = "<group>";
		};
/* End PBXVariantGroup section */

/* Begin XCBuildConfiguration section */
		950C89B322DC82C400B6001A /* Debug */ = {
			isa = XCBuildConfiguration;
			buildSettings = {
				ALWAYS_SEARCH_USER_PATHS = NO;
				CLANG_ANALYZER_NONNULL = YES;
				CLANG_ANALYZER_NUMBER_OBJECT_CONVERSION = YES_AGGRESSIVE;
				CLANG_CXX_LANGUAGE_STANDARD = "gnu++14";
				CLANG_CXX_LIBRARY = "libc++";
				CLANG_ENABLE_MODULES = YES;
				CLANG_ENABLE_OBJC_ARC = YES;
				CLANG_ENABLE_OBJC_WEAK = YES;
				CLANG_WARN_BLOCK_CAPTURE_AUTORELEASING = YES;
				CLANG_WARN_BOOL_CONVERSION = YES;
				CLANG_WARN_COMMA = YES;
				CLANG_WARN_CONSTANT_CONVERSION = YES;
				CLANG_WARN_DEPRECATED_OBJC_IMPLEMENTATIONS = YES;
				CLANG_WARN_DIRECT_OBJC_ISA_USAGE = YES_ERROR;
				CLANG_WARN_DOCUMENTATION_COMMENTS = YES;
				CLANG_WARN_EMPTY_BODY = YES;
				CLANG_WARN_ENUM_CONVERSION = YES;
				CLANG_WARN_INFINITE_RECURSION = YES;
				CLANG_WARN_INT_CONVERSION = YES;
				CLANG_WARN_NON_LITERAL_NULL_CONVERSION = YES;
				CLANG_WARN_OBJC_IMPLICIT_RETAIN_SELF = YES;
				CLANG_WARN_OBJC_LITERAL_CONVERSION = YES;
				CLANG_WARN_OBJC_ROOT_CLASS = YES_ERROR;
				CLANG_WARN_RANGE_LOOP_ANALYSIS = YES;
				CLANG_WARN_STRICT_PROTOTYPES = YES;
				CLANG_WARN_SUSPICIOUS_MOVE = YES;
				CLANG_WARN_UNGUARDED_AVAILABILITY = YES_AGGRESSIVE;
				CLANG_WARN_UNREACHABLE_CODE = YES;
				CLANG_WARN__DUPLICATE_METHOD_MATCH = YES;
				CODE_SIGN_IDENTITY = "iPhone Developer";
				COPY_PHASE_STRIP = NO;
				DEBUG_INFORMATION_FORMAT = dwarf;
				ENABLE_STRICT_OBJC_MSGSEND = YES;
				ENABLE_TESTABILITY = YES;
				GCC_C_LANGUAGE_STANDARD = gnu11;
				GCC_DYNAMIC_NO_PIC = NO;
				GCC_NO_COMMON_BLOCKS = YES;
				GCC_OPTIMIZATION_LEVEL = 0;
				GCC_PREPROCESSOR_DEFINITIONS = (
					"DEBUG=1",
					"$(inherited)",
				);
				GCC_WARN_64_TO_32_BIT_CONVERSION = YES;
				GCC_WARN_ABOUT_RETURN_TYPE = YES_ERROR;
				GCC_WARN_UNDECLARED_SELECTOR = YES;
				GCC_WARN_UNINITIALIZED_AUTOS = YES_AGGRESSIVE;
				GCC_WARN_UNUSED_FUNCTION = YES;
				GCC_WARN_UNUSED_VARIABLE = YES;
				IPHONEOS_DEPLOYMENT_TARGET = 12.2;
				MTL_ENABLE_DEBUG_INFO = INCLUDE_SOURCE;
				MTL_FAST_MATH = YES;
				ONLY_ACTIVE_ARCH = YES;
				SDKROOT = iphoneos;
				SWIFT_ACTIVE_COMPILATION_CONDITIONS = DEBUG;
				SWIFT_OPTIMIZATION_LEVEL = "-Onone";
			};
			name = Debug;
		};
		950C89B422DC82C400B6001A /* Release */ = {
			isa = XCBuildConfiguration;
			buildSettings = {
				ALWAYS_SEARCH_USER_PATHS = NO;
				CLANG_ANALYZER_NONNULL = YES;
				CLANG_ANALYZER_NUMBER_OBJECT_CONVERSION = YES_AGGRESSIVE;
				CLANG_CXX_LANGUAGE_STANDARD = "gnu++14";
				CLANG_CXX_LIBRARY = "libc++";
				CLANG_ENABLE_MODULES = YES;
				CLANG_ENABLE_OBJC_ARC = YES;
				CLANG_ENABLE_OBJC_WEAK = YES;
				CLANG_WARN_BLOCK_CAPTURE_AUTORELEASING = YES;
				CLANG_WARN_BOOL_CONVERSION = YES;
				CLANG_WARN_COMMA = YES;
				CLANG_WARN_CONSTANT_CONVERSION = YES;
				CLANG_WARN_DEPRECATED_OBJC_IMPLEMENTATIONS = YES;
				CLANG_WARN_DIRECT_OBJC_ISA_USAGE = YES_ERROR;
				CLANG_WARN_DOCUMENTATION_COMMENTS = YES;
				CLANG_WARN_EMPTY_BODY = YES;
				CLANG_WARN_ENUM_CONVERSION = YES;
				CLANG_WARN_INFINITE_RECURSION = YES;
				CLANG_WARN_INT_CONVERSION = YES;
				CLANG_WARN_NON_LITERAL_NULL_CONVERSION = YES;
				CLANG_WARN_OBJC_IMPLICIT_RETAIN_SELF = YES;
				CLANG_WARN_OBJC_LITERAL_CONVERSION = YES;
				CLANG_WARN_OBJC_ROOT_CLASS = YES_ERROR;
				CLANG_WARN_RANGE_LOOP_ANALYSIS = YES;
				CLANG_WARN_STRICT_PROTOTYPES = YES;
				CLANG_WARN_SUSPICIOUS_MOVE = YES;
				CLANG_WARN_UNGUARDED_AVAILABILITY = YES_AGGRESSIVE;
				CLANG_WARN_UNREACHABLE_CODE = YES;
				CLANG_WARN__DUPLICATE_METHOD_MATCH = YES;
				CODE_SIGN_IDENTITY = "iPhone Developer";
				COPY_PHASE_STRIP = NO;
				DEBUG_INFORMATION_FORMAT = "dwarf-with-dsym";
				ENABLE_NS_ASSERTIONS = NO;
				ENABLE_STRICT_OBJC_MSGSEND = YES;
				GCC_C_LANGUAGE_STANDARD = gnu11;
				GCC_NO_COMMON_BLOCKS = YES;
				GCC_WARN_64_TO_32_BIT_CONVERSION = YES;
				GCC_WARN_ABOUT_RETURN_TYPE = YES_ERROR;
				GCC_WARN_UNDECLARED_SELECTOR = YES;
				GCC_WARN_UNINITIALIZED_AUTOS = YES_AGGRESSIVE;
				GCC_WARN_UNUSED_FUNCTION = YES;
				GCC_WARN_UNUSED_VARIABLE = YES;
				IPHONEOS_DEPLOYMENT_TARGET = 12.2;
				MTL_ENABLE_DEBUG_INFO = NO;
				MTL_FAST_MATH = YES;
				SDKROOT = iphoneos;
				SWIFT_COMPILATION_MODE = wholemodule;
				SWIFT_OPTIMIZATION_LEVEL = "-O";
				VALIDATE_PRODUCT = YES;
			};
			name = Release;
		};
		950C89B622DC82C400B6001A /* Debug */ = {
			isa = XCBuildConfiguration;
			baseConfigurationReference = 1A47A625F7AAE819749F9ECD /* Pods-PhotoBooth.debug.xcconfig */;
			buildSettings = {
				ASSETCATALOG_COMPILER_APPICON_NAME = AppIcon;
				CODE_SIGN_STYLE = Automatic;
				DEVELOPMENT_TEAM = AZQGYNTWMA;
				INFOPLIST_FILE = PhotoBooth/Configuration/Info.plist;
				IPHONEOS_DEPLOYMENT_TARGET = 10.0;
				LD_RUNPATH_SEARCH_PATHS = (
					"$(inherited)",
					"@executable_path/Frameworks",
				);
				PRODUCT_BUNDLE_IDENTIFIER = test.PhotoBooth;
				PRODUCT_NAME = "$(TARGET_NAME)";
				SWIFT_VERSION = 5.0;
				TARGETED_DEVICE_FAMILY = "1,2";
			};
			name = Debug;
		};
		950C89B722DC82C400B6001A /* Release */ = {
			isa = XCBuildConfiguration;
			baseConfigurationReference = 9B19DCCE7184C2ED727FFEC5 /* Pods-PhotoBooth.release.xcconfig */;
			buildSettings = {
				ASSETCATALOG_COMPILER_APPICON_NAME = AppIcon;
				CODE_SIGN_STYLE = Automatic;
				DEVELOPMENT_TEAM = AZQGYNTWMA;
				INFOPLIST_FILE = PhotoBooth/Configuration/Info.plist;
				IPHONEOS_DEPLOYMENT_TARGET = 10.0;
				LD_RUNPATH_SEARCH_PATHS = (
					"$(inherited)",
					"@executable_path/Frameworks",
				);
				PRODUCT_BUNDLE_IDENTIFIER = test.PhotoBooth;
				PRODUCT_NAME = "$(TARGET_NAME)";
				SWIFT_VERSION = 5.0;
				TARGETED_DEVICE_FAMILY = "1,2";
			};
			name = Release;
		};
/* End XCBuildConfiguration section */

/* Begin XCConfigurationList section */
		950C899E22DC82C000B6001A /* Build configuration list for PBXProject "PhotoBooth" */ = {
			isa = XCConfigurationList;
			buildConfigurations = (
				950C89B322DC82C400B6001A /* Debug */,
				950C89B422DC82C400B6001A /* Release */,
			);
			defaultConfigurationIsVisible = 0;
			defaultConfigurationName = Release;
		};
		950C89B522DC82C400B6001A /* Build configuration list for PBXNativeTarget "PhotoBooth" */ = {
			isa = XCConfigurationList;
			buildConfigurations = (
				950C89B622DC82C400B6001A /* Debug */,
				950C89B722DC82C400B6001A /* Release */,
			);
			defaultConfigurationIsVisible = 0;
			defaultConfigurationName = Release;
		};
/* End XCConfigurationList section */
	};
	rootObject = 950C899B22DC82C000B6001A /* Project object */;
}
